{
  "name": "pdf-fill-form",
  "version": "5.1.0",
  "lockfileVersion": 2,
  "requires": true,
  "packages": {
    "": {
      "name": "pdf-fill-form",
      "version": "5.1.0",
      "dependencies": {
        "nan": "git+ssh://git@github.com:hippopotamus/nan.git"
      },
      "devDependencies": {},
      "engines": {
        "node": ">10.0.0"
      }
    },
    "node_modules/nan": {
      "version": "2.17.0",
      "resolved": "git+ssh://git@github.com/hippopotamus/nan.git#66e1982e5f4c75be3d224d955e4b3759d874a4da",
      "license": "MIT"
    }
  },
  "dependencies": {
    "nan": {
      "version": "git+ssh://git@github.com/hippopotamus/nan.git#66e1982e5f4c75be3d224d955e4b3759d874a4da",
      "from": "nan@git+ssh://git@github.com:hippopotamus/nan.git"
    }
  }
}
